// !$*UTF8*$!
{
	archiveVersion = 1;
	classes = {
	};
	objectVersion = 46;
	objects = {

/* Begin PBXBuildFile section */
		9D2022ED1DF754C7008843E6 /* LandingViewController.swift in Sources */ = {isa = PBXBuildFile; fileRef = 9D2022EC1DF754C7008843E6 /* LandingViewController.swift */; };
		9D2022F01DF7668C008843E6 /* LinkViewController.swift in Sources */ = {isa = PBXBuildFile; fileRef = 9D2022EF1DF7668C008843E6 /* LinkViewController.swift */; };
		9D2022F21DF8EC4D008843E6 /* TransactionViewCell.swift in Sources */ = {isa = PBXBuildFile; fileRef = 9D2022F11DF8EC4D008843E6 /* TransactionViewCell.swift */; };
		9D2022F41DF90ADF008843E6 /* Auth.swift in Sources */ = {isa = PBXBuildFile; fileRef = 9D2022F31DF90ADF008843E6 /* Auth.swift */; };
		9D20A3DB1DFA2458004C3303 /* PlaidViewController.swift in Sources */ = {isa = PBXBuildFile; fileRef = 9D20A3DA1DFA2458004C3303 /* PlaidViewController.swift */; };
		9D20A3DD1DFA33F8004C3303 /* IntermediateAuthViewController.swift in Sources */ = {isa = PBXBuildFile; fileRef = 9D20A3DC1DFA33F8004C3303 /* IntermediateAuthViewController.swift */; };
		9D56160B1DF9C15100823DBB /* RegisterViewController.swift in Sources */ = {isa = PBXBuildFile; fileRef = 9D56160A1DF9C15100823DBB /* RegisterViewController.swift */; };
		9D5FBA0E1DFA8D5600B52B93 /* CharityTableViewController.swift in Sources */ = {isa = PBXBuildFile; fileRef = 9D5FBA0D1DFA8D5600B52B93 /* CharityTableViewController.swift */; };
		9D5FBA101DFA939E00B52B93 /* PlistManager.swift in Sources */ = {isa = PBXBuildFile; fileRef = 9D5FBA0F1DFA939E00B52B93 /* PlistManager.swift */; };
		9D5FBA121DFA93C700B52B93 /* data.plist in Resources */ = {isa = PBXBuildFile; fileRef = 9D5FBA111DFA93C700B52B93 /* data.plist */; };
		9DDEF73D1DF4185800382558 /* AppDelegate.swift in Sources */ = {isa = PBXBuildFile; fileRef = 9DDEF73C1DF4185800382558 /* AppDelegate.swift */; };
		9DDEF73F1DF4185800382558 /* FirstViewController.swift in Sources */ = {isa = PBXBuildFile; fileRef = 9DDEF73E1DF4185800382558 /* FirstViewController.swift */; };
		9DDEF7411DF4185800382558 /* TransactionTableViewController.swift in Sources */ = {isa = PBXBuildFile; fileRef = 9DDEF7401DF4185800382558 /* TransactionTableViewController.swift */; };
		9DDEF7441DF4185800382558 /* Main.storyboard in Resources */ = {isa = PBXBuildFile; fileRef = 9DDEF7421DF4185800382558 /* Main.storyboard */; };
		9DDEF7461DF4185800382558 /* Assets.xcassets in Resources */ = {isa = PBXBuildFile; fileRef = 9DDEF7451DF4185800382558 /* Assets.xcassets */; };
		9DDEF7491DF4185800382558 /* LaunchScreen.storyboard in Resources */ = {isa = PBXBuildFile; fileRef = 9DDEF7471DF4185800382558 /* LaunchScreen.storyboard */; };
		9DDEF7541DF4185800382558 /* GivTests.swift in Sources */ = {isa = PBXBuildFile; fileRef = 9DDEF7531DF4185800382558 /* GivTests.swift */; };
		9DDEF75F1DF4185800382558 /* GivUITests.swift in Sources */ = {isa = PBXBuildFile; fileRef = 9DDEF75E1DF4185800382558 /* GivUITests.swift */; };
		9DDEF76D1DF41D1000382558 /* ThirdViewController.swift in Sources */ = {isa = PBXBuildFile; fileRef = 9DDEF76C1DF41D1000382558 /* ThirdViewController.swift */; };
		9DDEF76F1DF46ACB00382558 /* FourthViewController.swift in Sources */ = {isa = PBXBuildFile; fileRef = 9DDEF76E1DF46ACB00382558 /* FourthViewController.swift */; };
		D283AA9524B6CC2FEE1AF5CF /* Pods_Giv.framework in Frameworks */ = {isa = PBXBuildFile; fileRef = 206CF447BF1E5246A753A098 /* Pods_Giv.framework */; };
/* End PBXBuildFile section */

/* Begin PBXContainerItemProxy section */
		9DDEF7501DF4185800382558 /* PBXContainerItemProxy */ = {
			isa = PBXContainerItemProxy;
			containerPortal = 9DDEF7311DF4185700382558 /* Project object */;
			proxyType = 1;
			remoteGlobalIDString = 9DDEF7381DF4185700382558;
			remoteInfo = Giv;
		};
		9DDEF75B1DF4185800382558 /* PBXContainerItemProxy */ = {
			isa = PBXContainerItemProxy;
			containerPortal = 9DDEF7311DF4185700382558 /* Project object */;
			proxyType = 1;
			remoteGlobalIDString = 9DDEF7381DF4185700382558;
			remoteInfo = Giv;
		};
/* End PBXContainerItemProxy section */

/* Begin PBXFileReference section */
		206CF447BF1E5246A753A098 /* Pods_Giv.framework */ = {isa = PBXFileReference; explicitFileType = wrapper.framework; includeInIndex = 0; path = Pods_Giv.framework; sourceTree = BUILT_PRODUCTS_DIR; };
		9D2022EC1DF754C7008843E6 /* LandingViewController.swift */ = {isa = PBXFileReference; fileEncoding = 4; lastKnownFileType = sourcecode.swift; path = LandingViewController.swift; sourceTree = "<group>"; };
		9D2022EE1DF7564D008843E6 /* SF-Compact-Text-Regular.otf */ = {isa = PBXFileReference; lastKnownFileType = file; path = "SF-Compact-Text-Regular.otf"; sourceTree = "<group>"; };
		9D2022EF1DF7668C008843E6 /* LinkViewController.swift */ = {isa = PBXFileReference; fileEncoding = 4; lastKnownFileType = sourcecode.swift; path = LinkViewController.swift; sourceTree = "<group>"; };
		9D2022F11DF8EC4D008843E6 /* TransactionViewCell.swift */ = {isa = PBXFileReference; fileEncoding = 4; lastKnownFileType = sourcecode.swift; path = TransactionViewCell.swift; sourceTree = "<group>"; };
		9D2022F31DF90ADF008843E6 /* Auth.swift */ = {isa = PBXFileReference; fileEncoding = 4; lastKnownFileType = sourcecode.swift; path = Auth.swift; sourceTree = "<group>"; };
		9D20A3DA1DFA2458004C3303 /* PlaidViewController.swift */ = {isa = PBXFileReference; fileEncoding = 4; lastKnownFileType = sourcecode.swift; path = PlaidViewController.swift; sourceTree = "<group>"; };
		9D20A3DC1DFA33F8004C3303 /* IntermediateAuthViewController.swift */ = {isa = PBXFileReference; fileEncoding = 4; lastKnownFileType = sourcecode.swift; path = IntermediateAuthViewController.swift; sourceTree = "<group>"; };
		9D56160A1DF9C15100823DBB /* RegisterViewController.swift */ = {isa = PBXFileReference; fileEncoding = 4; lastKnownFileType = sourcecode.swift; path = RegisterViewController.swift; sourceTree = "<group>"; };
		9D5FBA0D1DFA8D5600B52B93 /* CharityTableViewController.swift */ = {isa = PBXFileReference; fileEncoding = 4; lastKnownFileType = sourcecode.swift; path = CharityTableViewController.swift; sourceTree = "<group>"; };
		9D5FBA0F1DFA939E00B52B93 /* PlistManager.swift */ = {isa = PBXFileReference; fileEncoding = 4; lastKnownFileType = sourcecode.swift; path = PlistManager.swift; sourceTree = "<group>"; };
		9D5FBA111DFA93C700B52B93 /* data.plist */ = {isa = PBXFileReference; fileEncoding = 4; lastKnownFileType = text.plist.xml; path = data.plist; sourceTree = "<group>"; };
		9DDEF7391DF4185800382558 /* Giv.app */ = {isa = PBXFileReference; explicitFileType = wrapper.application; includeInIndex = 0; path = Giv.app; sourceTree = BUILT_PRODUCTS_DIR; };
		9DDEF73C1DF4185800382558 /* AppDelegate.swift */ = {isa = PBXFileReference; lastKnownFileType = sourcecode.swift; path = AppDelegate.swift; sourceTree = "<group>"; };
		9DDEF73E1DF4185800382558 /* FirstViewController.swift */ = {isa = PBXFileReference; lastKnownFileType = sourcecode.swift; path = FirstViewController.swift; sourceTree = "<group>"; };
		9DDEF7401DF4185800382558 /* TransactionTableViewController.swift */ = {isa = PBXFileReference; lastKnownFileType = sourcecode.swift; path = TransactionTableViewController.swift; sourceTree = "<group>"; };
		9DDEF7431DF4185800382558 /* Base */ = {isa = PBXFileReference; lastKnownFileType = file.storyboard; name = Base; path = Base.lproj/Main.storyboard; sourceTree = "<group>"; };
		9DDEF7451DF4185800382558 /* Assets.xcassets */ = {isa = PBXFileReference; lastKnownFileType = folder.assetcatalog; path = Assets.xcassets; sourceTree = "<group>"; };
		9DDEF7481DF4185800382558 /* Base */ = {isa = PBXFileReference; lastKnownFileType = file.storyboard; name = Base; path = Base.lproj/LaunchScreen.storyboard; sourceTree = "<group>"; };
		9DDEF74A1DF4185800382558 /* Info.plist */ = {isa = PBXFileReference; lastKnownFileType = text.plist.xml; path = Info.plist; sourceTree = "<group>"; };
		9DDEF74F1DF4185800382558 /* GivTests.xctest */ = {isa = PBXFileReference; explicitFileType = wrapper.cfbundle; includeInIndex = 0; path = GivTests.xctest; sourceTree = BUILT_PRODUCTS_DIR; };
		9DDEF7531DF4185800382558 /* GivTests.swift */ = {isa = PBXFileReference; lastKnownFileType = sourcecode.swift; path = GivTests.swift; sourceTree = "<group>"; };
		9DDEF7551DF4185800382558 /* Info.plist */ = {isa = PBXFileReference; lastKnownFileType = text.plist.xml; path = Info.plist; sourceTree = "<group>"; };
		9DDEF75A1DF4185800382558 /* GivUITests.xctest */ = {isa = PBXFileReference; explicitFileType = wrapper.cfbundle; includeInIndex = 0; path = GivUITests.xctest; sourceTree = BUILT_PRODUCTS_DIR; };
		9DDEF75E1DF4185800382558 /* GivUITests.swift */ = {isa = PBXFileReference; lastKnownFileType = sourcecode.swift; path = GivUITests.swift; sourceTree = "<group>"; };
		9DDEF7601DF4185800382558 /* Info.plist */ = {isa = PBXFileReference; lastKnownFileType = text.plist.xml; path = Info.plist; sourceTree = "<group>"; };
		9DDEF76C1DF41D1000382558 /* ThirdViewController.swift */ = {isa = PBXFileReference; fileEncoding = 4; lastKnownFileType = sourcecode.swift; path = ThirdViewController.swift; sourceTree = "<group>"; };
		9DDEF76E1DF46ACB00382558 /* FourthViewController.swift */ = {isa = PBXFileReference; fileEncoding = 4; lastKnownFileType = sourcecode.swift; path = FourthViewController.swift; sourceTree = "<group>"; };
		E555111261EFFCB8273976DD /* Pods-Giv.debug.xcconfig */ = {isa = PBXFileReference; includeInIndex = 1; lastKnownFileType = text.xcconfig; name = "Pods-Giv.debug.xcconfig"; path = "Pods/Target Support Files/Pods-Giv/Pods-Giv.debug.xcconfig"; sourceTree = "<group>"; };
		FE5199B30673692586484DB5 /* Pods-Giv.release.xcconfig */ = {isa = PBXFileReference; includeInIndex = 1; lastKnownFileType = text.xcconfig; name = "Pods-Giv.release.xcconfig"; path = "Pods/Target Support Files/Pods-Giv/Pods-Giv.release.xcconfig"; sourceTree = "<group>"; };
/* End PBXFileReference section */

/* Begin PBXFrameworksBuildPhase section */
		9DDEF7361DF4185700382558 /* Frameworks */ = {
			isa = PBXFrameworksBuildPhase;
			buildActionMask = 2147483647;
			files = (
				D283AA9524B6CC2FEE1AF5CF /* Pods_Giv.framework in Frameworks */,
			);
			runOnlyForDeploymentPostprocessing = 0;
		};
		9DDEF74C1DF4185800382558 /* Frameworks */ = {
			isa = PBXFrameworksBuildPhase;
			buildActionMask = 2147483647;
			files = (
			);
			runOnlyForDeploymentPostprocessing = 0;
		};
		9DDEF7571DF4185800382558 /* Frameworks */ = {
			isa = PBXFrameworksBuildPhase;
			buildActionMask = 2147483647;
			files = (
			);
			runOnlyForDeploymentPostprocessing = 0;
		};
/* End PBXFrameworksBuildPhase section */

/* Begin PBXGroup section */
		4490C6459814801B6E8BF48E /* Pods */ = {
			isa = PBXGroup;
			children = (
				E555111261EFFCB8273976DD /* Pods-Giv.debug.xcconfig */,
				FE5199B30673692586484DB5 /* Pods-Giv.release.xcconfig */,
			);
			name = Pods;
			sourceTree = "<group>";
		};
		4D9B371887E81A92FCBEE1B4 /* Frameworks */ = {
			isa = PBXGroup;
			children = (
				206CF447BF1E5246A753A098 /* Pods_Giv.framework */,
			);
			name = Frameworks;
			sourceTree = "<group>";
		};
		9DDEF7301DF4185700382558 = {
			isa = PBXGroup;
			children = (
				9DDEF73B1DF4185800382558 /* Giv */,
				9DDEF7521DF4185800382558 /* GivTests */,
				9DDEF75D1DF4185800382558 /* GivUITests */,
				9DDEF73A1DF4185800382558 /* Products */,
				4490C6459814801B6E8BF48E /* Pods */,
				4D9B371887E81A92FCBEE1B4 /* Frameworks */,
			);
			sourceTree = "<group>";
		};
		9DDEF73A1DF4185800382558 /* Products */ = {
			isa = PBXGroup;
			children = (
				9DDEF7391DF4185800382558 /* Giv.app */,
				9DDEF74F1DF4185800382558 /* GivTests.xctest */,
				9DDEF75A1DF4185800382558 /* GivUITests.xctest */,
			);
			name = Products;
			sourceTree = "<group>";
		};
		9DDEF73B1DF4185800382558 /* Giv */ = {
			isa = PBXGroup;
			children = (
				9DDEF73C1DF4185800382558 /* AppDelegate.swift */,
				9DDEF73E1DF4185800382558 /* FirstViewController.swift */,
				9DDEF76C1DF41D1000382558 /* ThirdViewController.swift */,
				9DDEF7401DF4185800382558 /* TransactionTableViewController.swift */,
				9DDEF7421DF4185800382558 /* Main.storyboard */,
				9D56160A1DF9C15100823DBB /* RegisterViewController.swift */,
				9D2022F11DF8EC4D008843E6 /* TransactionViewCell.swift */,
				9D5FBA0D1DFA8D5600B52B93 /* CharityTableViewController.swift */,
				9D2022EF1DF7668C008843E6 /* LinkViewController.swift */,
				9D20A3DC1DFA33F8004C3303 /* IntermediateAuthViewController.swift */,
				9D20A3DA1DFA2458004C3303 /* PlaidViewController.swift */,
				9D5FBA0F1DFA939E00B52B93 /* PlistManager.swift */,
				9D5FBA111DFA93C700B52B93 /* data.plist */,
				9DDEF76E1DF46ACB00382558 /* FourthViewController.swift */,
				9D2022F31DF90ADF008843E6 /* Auth.swift */,
				9D2022EC1DF754C7008843E6 /* LandingViewController.swift */,
				9DDEF7451DF4185800382558 /* Assets.xcassets */,
				9DDEF7471DF4185800382558 /* LaunchScreen.storyboard */,
				9DDEF74A1DF4185800382558 /* Info.plist */,
				9D2022EE1DF7564D008843E6 /* SF-Compact-Text-Regular.otf */,
			);
			path = Giv;
			sourceTree = "<group>";
		};
		9DDEF7521DF4185800382558 /* GivTests */ = {
			isa = PBXGroup;
			children = (
				9DDEF7531DF4185800382558 /* GivTests.swift */,
				9DDEF7551DF4185800382558 /* Info.plist */,
			);
			path = GivTests;
			sourceTree = "<group>";
		};
		9DDEF75D1DF4185800382558 /* GivUITests */ = {
			isa = PBXGroup;
			children = (
				9DDEF75E1DF4185800382558 /* GivUITests.swift */,
				9DDEF7601DF4185800382558 /* Info.plist */,
			);
			path = GivUITests;
			sourceTree = "<group>";
		};
/* End PBXGroup section */

/* Begin PBXNativeTarget section */
		9DDEF7381DF4185700382558 /* Giv */ = {
			isa = PBXNativeTarget;
			buildConfigurationList = 9DDEF7631DF4185800382558 /* Build configuration list for PBXNativeTarget "Giv" */;
			buildPhases = (
				22446606CDD7E09A490297E3 /* [CP] Check Pods Manifest.lock */,
				9DDEF7351DF4185700382558 /* Sources */,
				9DDEF7361DF4185700382558 /* Frameworks */,
				9DDEF7371DF4185700382558 /* Resources */,
				7394EB2A32519F6437E90751 /* [CP] Embed Pods Frameworks */,
				8056F40F2CE833C72DB2E1D5 /* [CP] Copy Pods Resources */,
			);
			buildRules = (
			);
			dependencies = (
			);
			name = Giv;
			productName = Giv;
			productReference = 9DDEF7391DF4185800382558 /* Giv.app */;
			productType = "com.apple.product-type.application";
		};
		9DDEF74E1DF4185800382558 /* GivTests */ = {
			isa = PBXNativeTarget;
			buildConfigurationList = 9DDEF7661DF4185800382558 /* Build configuration list for PBXNativeTarget "GivTests" */;
			buildPhases = (
				9DDEF74B1DF4185800382558 /* Sources */,
				9DDEF74C1DF4185800382558 /* Frameworks */,
				9DDEF74D1DF4185800382558 /* Resources */,
			);
			buildRules = (
			);
			dependencies = (
				9DDEF7511DF4185800382558 /* PBXTargetDependency */,
			);
			name = GivTests;
			productName = GivTests;
			productReference = 9DDEF74F1DF4185800382558 /* GivTests.xctest */;
			productType = "com.apple.product-type.bundle.unit-test";
		};
		9DDEF7591DF4185800382558 /* GivUITests */ = {
			isa = PBXNativeTarget;
			buildConfigurationList = 9DDEF7691DF4185800382558 /* Build configuration list for PBXNativeTarget "GivUITests" */;
			buildPhases = (
				9DDEF7561DF4185800382558 /* Sources */,
				9DDEF7571DF4185800382558 /* Frameworks */,
				9DDEF7581DF4185800382558 /* Resources */,
			);
			buildRules = (
			);
			dependencies = (
				9DDEF75C1DF4185800382558 /* PBXTargetDependency */,
			);
			name = GivUITests;
			productName = GivUITests;
			productReference = 9DDEF75A1DF4185800382558 /* GivUITests.xctest */;
			productType = "com.apple.product-type.bundle.ui-testing";
		};
/* End PBXNativeTarget section */

/* Begin PBXProject section */
		9DDEF7311DF4185700382558 /* Project object */ = {
			isa = PBXProject;
			attributes = {
				LastSwiftUpdateCheck = 0810;
				LastUpgradeCheck = 0810;
				ORGANIZATIONNAME = "Akash Kejriwal";
				TargetAttributes = {
					9DDEF7381DF4185700382558 = {
						CreatedOnToolsVersion = 8.1;
						ProvisioningStyle = Automatic;
					};
					9DDEF74E1DF4185800382558 = {
						CreatedOnToolsVersion = 8.1;
						ProvisioningStyle = Automatic;
						TestTargetID = 9DDEF7381DF4185700382558;
					};
					9DDEF7591DF4185800382558 = {
						CreatedOnToolsVersion = 8.1;
						ProvisioningStyle = Automatic;
						TestTargetID = 9DDEF7381DF4185700382558;
					};
				};
			};
			buildConfigurationList = 9DDEF7341DF4185700382558 /* Build configuration list for PBXProject "Giv" */;
			compatibilityVersion = "Xcode 3.2";
			developmentRegion = English;
			hasScannedForEncodings = 0;
			knownRegions = (
				en,
				Base,
			);
			mainGroup = 9DDEF7301DF4185700382558;
			productRefGroup = 9DDEF73A1DF4185800382558 /* Products */;
			projectDirPath = "";
			projectRoot = "";
			targets = (
				9DDEF7381DF4185700382558 /* Giv */,
				9DDEF74E1DF4185800382558 /* GivTests */,
				9DDEF7591DF4185800382558 /* GivUITests */,
			);
		};
/* End PBXProject section */

/* Begin PBXResourcesBuildPhase section */
		9DDEF7371DF4185700382558 /* Resources */ = {
			isa = PBXResourcesBuildPhase;
			buildActionMask = 2147483647;
			files = (
				9DDEF7491DF4185800382558 /* LaunchScreen.storyboard in Resources */,
				9DDEF7461DF4185800382558 /* Assets.xcassets in Resources */,
				9D5FBA121DFA93C700B52B93 /* data.plist in Resources */,
				9DDEF7441DF4185800382558 /* Main.storyboard in Resources */,
			);
			runOnlyForDeploymentPostprocessing = 0;
		};
		9DDEF74D1DF4185800382558 /* Resources */ = {
			isa = PBXResourcesBuildPhase;
			buildActionMask = 2147483647;
			files = (
			);
			runOnlyForDeploymentPostprocessing = 0;
		};
		9DDEF7581DF4185800382558 /* Resources */ = {
			isa = PBXResourcesBuildPhase;
			buildActionMask = 2147483647;
			files = (
			);
			runOnlyForDeploymentPostprocessing = 0;
		};
/* End PBXResourcesBuildPhase section */

/* Begin PBXShellScriptBuildPhase section */
		22446606CDD7E09A490297E3 /* [CP] Check Pods Manifest.lock */ = {
			isa = PBXShellScriptBuildPhase;
			buildActionMask = 2147483647;
			files = (
			);
			inputPaths = (
			);
			name = "[CP] Check Pods Manifest.lock";
			outputPaths = (
			);
			runOnlyForDeploymentPostprocessing = 0;
			shellPath = /bin/sh;
			shellScript = "diff \"${PODS_ROOT}/../Podfile.lock\" \"${PODS_ROOT}/Manifest.lock\" > /dev/null\nif [ $? != 0 ] ; then\n    # print error to STDERR\n    echo \"error: The sandbox is not in sync with the Podfile.lock. Run 'pod install' or update your CocoaPods installation.\" >&2\n    exit 1\nfi\n";
			showEnvVarsInLog = 0;
		};
		7394EB2A32519F6437E90751 /* [CP] Embed Pods Frameworks */ = {
			isa = PBXShellScriptBuildPhase;
			buildActionMask = 2147483647;
			files = (
			);
			inputPaths = (
			);
			name = "[CP] Embed Pods Frameworks";
			outputPaths = (
			);
			runOnlyForDeploymentPostprocessing = 0;
			shellPath = /bin/sh;
			shellScript = "\"${SRCROOT}/Pods/Target Support Files/Pods-Giv/Pods-Giv-frameworks.sh\"\n";
			showEnvVarsInLog = 0;
		};
		8056F40F2CE833C72DB2E1D5 /* [CP] Copy Pods Resources */ = {
			isa = PBXShellScriptBuildPhase;
			buildActionMask = 2147483647;
			files = (
			);
			inputPaths = (
			);
			name = "[CP] Copy Pods Resources";
			outputPaths = (
			);
			runOnlyForDeploymentPostprocessing = 0;
			shellPath = /bin/sh;
			shellScript = "\"${SRCROOT}/Pods/Target Support Files/Pods-Giv/Pods-Giv-resources.sh\"\n";
			showEnvVarsInLog = 0;
		};
/* End PBXShellScriptBuildPhase section */

/* Begin PBXSourcesBuildPhase section */
		9DDEF7351DF4185700382558 /* Sources */ = {
			isa = PBXSourcesBuildPhase;
			buildActionMask = 2147483647;
			files = (
				9D5FBA0E1DFA8D5600B52B93 /* CharityTableViewController.swift in Sources */,
				9D2022F41DF90ADF008843E6 /* Auth.swift in Sources */,
				9DDEF7411DF4185800382558 /* TransactionTableViewController.swift in Sources */,
				9D20A3DD1DFA33F8004C3303 /* IntermediateAuthViewController.swift in Sources */,
				9D56160B1DF9C15100823DBB /* RegisterViewController.swift in Sources */,
				9D2022F21DF8EC4D008843E6 /* TransactionViewCell.swift in Sources */,
				9DDEF73D1DF4185800382558 /* AppDelegate.swift in Sources */,
				9D2022ED1DF754C7008843E6 /* LandingViewController.swift in Sources */,
				9D5FBA101DFA939E00B52B93 /* PlistManager.swift in Sources */,
				9DDEF76D1DF41D1000382558 /* ThirdViewController.swift in Sources */,
				9D20A3DB1DFA2458004C3303 /* PlaidViewController.swift in Sources */,
				9DDEF73F1DF4185800382558 /* FirstViewController.swift in Sources */,
				9DDEF76F1DF46ACB00382558 /* FourthViewController.swift in Sources */,
				9D2022F01DF7668C008843E6 /* LinkViewController.swift in Sources */,
			);
			runOnlyForDeploymentPostprocessing = 0;
		};
		9DDEF74B1DF4185800382558 /* Sources */ = {
			isa = PBXSourcesBuildPhase;
			buildActionMask = 2147483647;
			files = (
				9DDEF7541DF4185800382558 /* GivTests.swift in Sources */,
			);
			runOnlyForDeploymentPostprocessing = 0;
		};
		9DDEF7561DF4185800382558 /* Sources */ = {
			isa = PBXSourcesBuildPhase;
			buildActionMask = 2147483647;
			files = (
				9DDEF75F1DF4185800382558 /* GivUITests.swift in Sources */,
			);
			runOnlyForDeploymentPostprocessing = 0;
		};
/* End PBXSourcesBuildPhase section */

/* Begin PBXTargetDependency section */
		9DDEF7511DF4185800382558 /* PBXTargetDependency */ = {
			isa = PBXTargetDependency;
			target = 9DDEF7381DF4185700382558 /* Giv */;
			targetProxy = 9DDEF7501DF4185800382558 /* PBXContainerItemProxy */;
		};
		9DDEF75C1DF4185800382558 /* PBXTargetDependency */ = {
			isa = PBXTargetDependency;
			target = 9DDEF7381DF4185700382558 /* Giv */;
			targetProxy = 9DDEF75B1DF4185800382558 /* PBXContainerItemProxy */;
		};
/* End PBXTargetDependency section */

/* Begin PBXVariantGroup section */
		9DDEF7421DF4185800382558 /* Main.storyboard */ = {
			isa = PBXVariantGroup;
			children = (
				9DDEF7431DF4185800382558 /* Base */,
			);
			name = Main.storyboard;
			sourceTree = "<group>";
		};
		9DDEF7471DF4185800382558 /* LaunchScreen.storyboard */ = {
			isa = PBXVariantGroup;
			children = (
				9DDEF7481DF4185800382558 /* Base */,
			);
			name = LaunchScreen.storyboard;
			sourceTree = "<group>";
		};
/* End PBXVariantGroup section */

/* Begin XCBuildConfiguration section */
		9DDEF7611DF4185800382558 /* Debug */ = {
			isa = XCBuildConfiguration;
			buildSettings = {
				ALWAYS_SEARCH_USER_PATHS = NO;
				CLANG_ANALYZER_NONNULL = YES;
				CLANG_CXX_LANGUAGE_STANDARD = "gnu++0x";
				CLANG_CXX_LIBRARY = "libc++";
				CLANG_ENABLE_MODULES = YES;
				CLANG_ENABLE_OBJC_ARC = YES;
				CLANG_WARN_BOOL_CONVERSION = YES;
				CLANG_WARN_CONSTANT_CONVERSION = YES;
				CLANG_WARN_DIRECT_OBJC_ISA_USAGE = YES_ERROR;
				CLANG_WARN_DOCUMENTATION_COMMENTS = YES;
				CLANG_WARN_EMPTY_BODY = YES;
				CLANG_WARN_ENUM_CONVERSION = YES;
				CLANG_WARN_INFINITE_RECURSION = YES;
				CLANG_WARN_INT_CONVERSION = YES;
				CLANG_WARN_OBJC_ROOT_CLASS = YES_ERROR;
				CLANG_WARN_SUSPICIOUS_MOVES = YES;
				CLANG_WARN_UNREACHABLE_CODE = YES;
				CLANG_WARN__DUPLICATE_METHOD_MATCH = YES;
				"CODE_SIGN_IDENTITY[sdk=iphoneos*]" = "iPhone Developer";
				COPY_PHASE_STRIP = NO;
				DEBUG_INFORMATION_FORMAT = dwarf;
				ENABLE_STRICT_OBJC_MSGSEND = YES;
				ENABLE_TESTABILITY = YES;
				GCC_C_LANGUAGE_STANDARD = gnu99;
				GCC_DYNAMIC_NO_PIC = NO;
				GCC_NO_COMMON_BLOCKS = YES;
				GCC_OPTIMIZATION_LEVEL = 0;
				GCC_PREPROCESSOR_DEFINITIONS = (
					"DEBUG=1",
					"$(inherited)",
				);
				GCC_WARN_64_TO_32_BIT_CONVERSION = YES;
				GCC_WARN_ABOUT_RETURN_TYPE = YES_ERROR;
				GCC_WARN_UNDECLARED_SELECTOR = YES;
				GCC_WARN_UNINITIALIZED_AUTOS = YES_AGGRESSIVE;
				GCC_WARN_UNUSED_FUNCTION = YES;
				GCC_WARN_UNUSED_VARIABLE = YES;
				IPHONEOS_DEPLOYMENT_TARGET = 10.1;
				MTL_ENABLE_DEBUG_INFO = YES;
				ONLY_ACTIVE_ARCH = YES;
				SDKROOT = iphoneos;
				SWIFT_ACTIVE_COMPILATION_CONDITIONS = DEBUG;
				SWIFT_OPTIMIZATION_LEVEL = "-Onone";
				TARGETED_DEVICE_FAMILY = "1,2";
			};
			name = Debug;
		};
		9DDEF7621DF4185800382558 /* Release */ = {
			isa = XCBuildConfiguration;
			buildSettings = {
				ALWAYS_SEARCH_USER_PATHS = NO;
				CLANG_ANALYZER_NONNULL = YES;
				CLANG_CXX_LANGUAGE_STANDARD = "gnu++0x";
				CLANG_CXX_LIBRARY = "libc++";
				CLANG_ENABLE_MODULES = YES;
				CLANG_ENABLE_OBJC_ARC = YES;
				CLANG_WARN_BOOL_CONVERSION = YES;
				CLANG_WARN_CONSTANT_CONVERSION = YES;
				CLANG_WARN_DIRECT_OBJC_ISA_USAGE = YES_ERROR;
				CLANG_WARN_DOCUMENTATION_COMMENTS = YES;
				CLANG_WARN_EMPTY_BODY = YES;
				CLANG_WARN_ENUM_CONVERSION = YES;
				CLANG_WARN_INFINITE_RECURSION = YES;
				CLANG_WARN_INT_CONVERSION = YES;
				CLANG_WARN_OBJC_ROOT_CLASS = YES_ERROR;
				CLANG_WARN_SUSPICIOUS_MOVES = YES;
				CLANG_WARN_UNREACHABLE_CODE = YES;
				CLANG_WARN__DUPLICATE_METHOD_MATCH = YES;
				"CODE_SIGN_IDENTITY[sdk=iphoneos*]" = "iPhone Developer";
				COPY_PHASE_STRIP = NO;
				DEBUG_INFORMATION_FORMAT = "dwarf-with-dsym";
				ENABLE_NS_ASSERTIONS = NO;
				ENABLE_STRICT_OBJC_MSGSEND = YES;
				GCC_C_LANGUAGE_STANDARD = gnu99;
				GCC_NO_COMMON_BLOCKS = YES;
				GCC_WARN_64_TO_32_BIT_CONVERSION = YES;
				GCC_WARN_ABOUT_RETURN_TYPE = YES_ERROR;
				GCC_WARN_UNDECLARED_SELECTOR = YES;
				GCC_WARN_UNINITIALIZED_AUTOS = YES_AGGRESSIVE;
				GCC_WARN_UNUSED_FUNCTION = YES;
				GCC_WARN_UNUSED_VARIABLE = YES;
				IPHONEOS_DEPLOYMENT_TARGET = 10.1;
				MTL_ENABLE_DEBUG_INFO = NO;
				SDKROOT = iphoneos;
				SWIFT_OPTIMIZATION_LEVEL = "-Owholemodule";
				TARGETED_DEVICE_FAMILY = "1,2";
				VALIDATE_PRODUCT = YES;
			};
			name = Release;
		};
		9DDEF7641DF4185800382558 /* Debug */ = {
			isa = XCBuildConfiguration;
			baseConfigurationReference = E555111261EFFCB8273976DD /* Pods-Giv.debug.xcconfig */;
			buildSettings = {
				ASSETCATALOG_COMPILER_APPICON_NAME = AppIcon;
				INFOPLIST_FILE = Giv/Info.plist;
				LD_RUNPATH_SEARCH_PATHS = "$(inherited) @executable_path/Frameworks";
				PRODUCT_BUNDLE_IDENTIFIER = akejriwal.Giv;
				PRODUCT_NAME = "$(TARGET_NAME)";
				SWIFT_VERSION = 3.0;
			};
			name = Debug;
		};
		9DDEF7651DF4185800382558 /* Release */ = {
			isa = XCBuildConfiguration;
			baseConfigurationReference = FE5199B30673692586484DB5 /* Pods-Giv.release.xcconfig */;
			buildSettings = {
				ASSETCATALOG_COMPILER_APPICON_NAME = AppIcon;
				INFOPLIST_FILE = Giv/Info.plist;
				LD_RUNPATH_SEARCH_PATHS = "$(inherited) @executable_path/Frameworks";
				PRODUCT_BUNDLE_IDENTIFIER = akejriwal.Giv;
				PRODUCT_NAME = "$(TARGET_NAME)";
				SWIFT_VERSION = 3.0;
			};
			name = Release;
		};
		9DDEF7671DF4185800382558 /* Debug */ = {
			isa = XCBuildConfiguration;
			buildSettings = {
				ALWAYS_EMBED_SWIFT_STANDARD_LIBRARIES = YES;
				BUNDLE_LOADER = "$(TEST_HOST)";
				INFOPLIST_FILE = GivTests/Info.plist;
				LD_RUNPATH_SEARCH_PATHS = "$(inherited) @executable_path/Frameworks @loader_path/Frameworks";
				PRODUCT_BUNDLE_IDENTIFIER = akejriwal.GivTests;
				PRODUCT_NAME = "$(TARGET_NAME)";
				SWIFT_VERSION = 3.0;
				TEST_HOST = "$(BUILT_PRODUCTS_DIR)/Giv.app/Giv";
			};
			name = Debug;
		};
		9DDEF7681DF4185800382558 /* Release */ = {
			isa = XCBuildConfiguration;
			buildSettings = {
				ALWAYS_EMBED_SWIFT_STANDARD_LIBRARIES = YES;
				BUNDLE_LOADER = "$(TEST_HOST)";
				INFOPLIST_FILE = GivTests/Info.plist;
				LD_RUNPATH_SEARCH_PATHS = "$(inherited) @executable_path/Frameworks @loader_path/Frameworks";
				PRODUCT_BUNDLE_IDENTIFIER = akejriwal.GivTests;
				PRODUCT_NAME = "$(TARGET_NAME)";
				SWIFT_VERSION = 3.0;
				TEST_HOST = "$(BUILT_PRODUCTS_DIR)/Giv.app/Giv";
			};
			name = Release;
		};
		9DDEF76A1DF4185800382558 /* Debug */ = {
			isa = XCBuildConfiguration;
			buildSettings = {
				ALWAYS_EMBED_SWIFT_STANDARD_LIBRARIES = YES;
				INFOPLIST_FILE = GivUITests/Info.plist;
				LD_RUNPATH_SEARCH_PATHS = "$(inherited) @executable_path/Frameworks @loader_path/Frameworks";
				PRODUCT_BUNDLE_IDENTIFIER = akejriwal.GivUITests;
				PRODUCT_NAME = "$(TARGET_NAME)";
				SWIFT_VERSION = 3.0;
				TEST_TARGET_NAME = Giv;
			};
			name = Debug;
		};
		9DDEF76B1DF4185800382558 /* Release */ = {
			isa = XCBuildConfiguration;
			buildSettings = {
				ALWAYS_EMBED_SWIFT_STANDARD_LIBRARIES = YES;
				INFOPLIST_FILE = GivUITests/Info.plist;
				LD_RUNPATH_SEARCH_PATHS = "$(inherited) @executable_path/Frameworks @loader_path/Frameworks";
				PRODUCT_BUNDLE_IDENTIFIER = akejriwal.GivUITests;
				PRODUCT_NAME = "$(TARGET_NAME)";
				SWIFT_VERSION = 3.0;
				TEST_TARGET_NAME = Giv;
			};
			name = Release;
		};
/* End XCBuildConfiguration section */

/* Begin XCConfigurationList section */
		9DDEF7341DF4185700382558 /* Build configuration list for PBXProject "Giv" */ = {
			isa = XCConfigurationList;
			buildConfigurations = (
				9DDEF7611DF4185800382558 /* Debug */,
				9DDEF7621DF4185800382558 /* Release */,
			);
			defaultConfigurationIsVisible = 0;
			defaultConfigurationName = Release;
		};
		9DDEF7631DF4185800382558 /* Build configuration list for PBXNativeTarget "Giv" */ = {
			isa = XCConfigurationList;
			buildConfigurations = (
				9DDEF7641DF4185800382558 /* Debug */,
				9DDEF7651DF4185800382558 /* Release */,
			);
			defaultConfigurationIsVisible = 0;
			defaultConfigurationName = Release;
		};
		9DDEF7661DF4185800382558 /* Build configuration list for PBXNativeTarget "GivTests" */ = {
			isa = XCConfigurationList;
			buildConfigurations = (
				9DDEF7671DF4185800382558 /* Debug */,
				9DDEF7681DF4185800382558 /* Release */,
			);
			defaultConfigurationIsVisible = 0;
			defaultConfigurationName = Release;
		};
		9DDEF7691DF4185800382558 /* Build configuration list for PBXNativeTarget "GivUITests" */ = {
			isa = XCConfigurationList;
			buildConfigurations = (
				9DDEF76A1DF4185800382558 /* Debug */,
				9DDEF76B1DF4185800382558 /* Release */,
			);
			defaultConfigurationIsVisible = 0;
			defaultConfigurationName = Release;
		};
/* End XCConfigurationList section */
	};
	rootObject = 9DDEF7311DF4185700382558 /* Project object */;
}
